// !$*UTF8*$!
{
	archiveVersion = 1;
	classes = {
	};
	objectVersion = 77;
	objects = {

/* Begin PBXContainerItemProxy section */
		33AE29552DA1F61100419CDF /* PBXContainerItemProxy */ = {
			isa = PBXContainerItemProxy;
			containerPortal = 33AE29372DA1F60F00419CDF /* Project object */;
			proxyType = 1;
			remoteGlobalIDString = 33AE293E2DA1F60F00419CDF;
			remoteInfo = "Hammer + Nail";
		};
		33AE295F2DA1F61100419CDF /* PBXContainerItemProxy */ = {
			isa = PBXContainerItemProxy;
			containerPortal = 33AE29372DA1F60F00419CDF /* Project object */;
			proxyType = 1;
			remoteGlobalIDString = 33AE293E2DA1F60F00419CDF;
			remoteInfo = "Hammer + Nail";
		};
/* End PBXContainerItemProxy section */

/* Begin PBXFileReference section */
		33AE293F2DA1F60F00419CDF /* Hammer + Nail.app */ = {isa = PBXFileReference; explicitFileType = wrapper.application; includeInIndex = 0; path = "Hammer + Nail.app"; sourceTree = BUILT_PRODUCTS_DIR; };
		33AE29542DA1F61100419CDF /* Hammer + NailTests.xctest */ = {isa = PBXFileReference; explicitFileType = wrapper.cfbundle; includeInIndex = 0; path = "Hammer + NailTests.xctest"; sourceTree = BUILT_PRODUCTS_DIR; };
		33AE295E2DA1F61100419CDF /* Hammer + NailUITests.xctest */ = {isa = PBXFileReference; explicitFileType = wrapper.cfbundle; includeInIndex = 0; path = "Hammer + NailUITests.xctest"; sourceTree = BUILT_PRODUCTS_DIR; };
/* End PBXFileReference section */

/* Begin PBXFileSystemSynchronizedRootGroup section */
		33AE29412DA1F60F00419CDF /* Hammer + Nail */ = {
			isa = PBXFileSystemSynchronizedRootGroup;
			path = "Hammer + Nail";
			sourceTree = "<group>";
		};
		33AE29572DA1F61100419CDF /* Hammer + NailTests */ = {
			isa = PBXFileSystemSynchronizedRootGroup;
			path = "Hammer + NailTests";
			sourceTree = "<group>";
		};
		33AE29612DA1F61100419CDF /* Hammer + NailUITests */ = {
			isa = PBXFileSystemSynchronizedRootGroup;
			path = "Hammer + NailUITests";
			sourceTree = "<group>";
		};
/* End PBXFileSystemSynchronizedRootGroup section */

/* Begin PBXFrameworksBuildPhase section */
		33AE293C2DA1F60F00419CDF /* Frameworks */ = {
			isa = PBXFrameworksBuildPhase;
			buildActionMask = 2147483647;
			files = (
			);
			runOnlyForDeploymentPostprocessing = 0;
		};
		33AE29512DA1F61100419CDF /* Frameworks */ = {
			isa = PBXFrameworksBuildPhase;
			buildActionMask = 2147483647;
			files = (
			);
			runOnlyForDeploymentPostprocessing = 0;
		};
		33AE295B2DA1F61100419CDF /* Frameworks */ = {
			isa = PBXFrameworksBuildPhase;
			buildActionMask = 2147483647;
			files = (
			);
			runOnlyForDeploymentPostprocessing = 0;
		};
/* End PBXFrameworksBuildPhase section */

/* Begin PBXGroup section */
		33AE29362DA1F60F00419CDF = {
			isa = PBXGroup;
			children = (
				33AE29412DA1F60F00419CDF /* Hammer + Nail */,
				33AE29572DA1F61100419CDF /* Hammer + NailTests */,
				33AE29612DA1F61100419CDF /* Hammer + NailUITests */,
				33AE29402DA1F60F00419CDF /* Products */,
			);
			sourceTree = "<group>";
		};
		33AE29402DA1F60F00419CDF /* Products */ = {
			isa = PBXGroup;
			children = (
				33AE293F2DA1F60F00419CDF /* Hammer + Nail.app */,
				33AE29542DA1F61100419CDF /* Hammer + NailTests.xctest */,
				33AE295E2DA1F61100419CDF /* Hammer + NailUITests.xctest */,
			);
			name = Products;
			sourceTree = "<group>";
		};
/* End PBXGroup section */

/* Begin PBXNativeTarget section */
		33AE293E2DA1F60F00419CDF /* Hammer + Nail */ = {
			isa = PBXNativeTarget;
			buildConfigurationList = 33AE29682DA1F61100419CDF /* Build configuration list for PBXNativeTarget "Hammer + Nail" */;
			buildPhases = (
				33AE293B2DA1F60F00419CDF /* Sources */,
				33AE293C2DA1F60F00419CDF /* Frameworks */,
				33AE293D2DA1F60F00419CDF /* Resources */,
			);
			buildRules = (
			);
			dependencies = (
			);
			fileSystemSynchronizedGroups = (
				33AE29412DA1F60F00419CDF /* Hammer + Nail */,
			);
			name = "Hammer + Nail";
			packageProductDependencies = (
			);
			productName = "Hammer + Nail";
			productReference = 33AE293F2DA1F60F00419CDF /* Hammer + Nail.app */;
			productType = "com.apple.product-type.application";
		};
		33AE29532DA1F61100419CDF /* Hammer + NailTests */ = {
			isa = PBXNativeTarget;
			buildConfigurationList = 33AE296B2DA1F61100419CDF /* Build configuration list for PBXNativeTarget "Hammer + NailTests" */;
			buildPhases = (
				33AE29502DA1F61100419CDF /* Sources */,
				33AE29512DA1F61100419CDF /* Frameworks */,
				33AE29522DA1F61100419CDF /* Resources */,
			);
			buildRules = (
			);
			dependencies = (
				33AE29562DA1F61100419CDF /* PBXTargetDependency */,
			);
			fileSystemSynchronizedGroups = (
				33AE29572DA1F61100419CDF /* Hammer + NailTests */,
			);
			name = "Hammer + NailTests";
			packageProductDependencies = (
			);
			productName = "Hammer + NailTests";
			productReference = 33AE29542DA1F61100419CDF /* Hammer + NailTests.xctest */;
			productType = "com.apple.product-type.bundle.unit-test";
		};
		33AE295D2DA1F61100419CDF /* Hammer + NailUITests */ = {
			isa = PBXNativeTarget;
			buildConfigurationList = 33AE296E2DA1F61100419CDF /* Build configuration list for PBXNativeTarget "Hammer + NailUITests" */;
			buildPhases = (
				33AE295A2DA1F61100419CDF /* Sources */,
				33AE295B2DA1F61100419CDF /* Frameworks */,
				33AE295C2DA1F61100419CDF /* Resources */,
			);
			buildRules = (
			);
			dependencies = (
				33AE29602DA1F61100419CDF /* PBXTargetDependency */,
			);
			fileSystemSynchronizedGroups = (
				33AE29612DA1F61100419CDF /* Hammer + NailUITests */,
			);
			name = "Hammer + NailUITests";
			packageProductDependencies = (
			);
			productName = "Hammer + NailUITests";
			productReference = 33AE295E2DA1F61100419CDF /* Hammer + NailUITests.xctest */;
			productType = "com.apple.product-type.bundle.ui-testing";
		};
/* End PBXNativeTarget section */

/* Begin PBXProject section */
		33AE29372DA1F60F00419CDF /* Project object */ = {
			isa = PBXProject;
			attributes = {
				BuildIndependentTargetsInParallel = 1;
				LastSwiftUpdateCheck = 1620;
				LastUpgradeCheck = 1620;
				TargetAttributes = {
					33AE293E2DA1F60F00419CDF = {
						CreatedOnToolsVersion = 16.2;
					};
					33AE29532DA1F61100419CDF = {
						CreatedOnToolsVersion = 16.2;
						TestTargetID = 33AE293E2DA1F60F00419CDF;
					};
					33AE295D2DA1F61100419CDF = {
						CreatedOnToolsVersion = 16.2;
						TestTargetID = 33AE293E2DA1F60F00419CDF;
					};
				};
			};
			buildConfigurationList = 33AE293A2DA1F60F00419CDF /* Build configuration list for PBXProject "Hammer + Nail" */;
			developmentRegion = en;
			hasScannedForEncodings = 0;
			knownRegions = (
				en,
				Base,
			);
			mainGroup = 33AE29362DA1F60F00419CDF;
			minimizedProjectReferenceProxies = 1;
			preferredProjectObjectVersion = 77;
			productRefGroup = 33AE29402DA1F60F00419CDF /* Products */;
			projectDirPath = "";
			projectRoot = "";
			targets = (
				33AE293E2DA1F60F00419CDF /* Hammer + Nail */,
				33AE29532DA1F61100419CDF /* Hammer + NailTests */,
				33AE295D2DA1F61100419CDF /* Hammer + NailUITests */,
			);
		};
/* End PBXProject section */

/* Begin PBXResourcesBuildPhase section */
		33AE293D2DA1F60F00419CDF /* Resources */ = {
			isa = PBXResourcesBuildPhase;
			buildActionMask = 2147483647;
			files = (
			);
			runOnlyForDeploymentPostprocessing = 0;
		};
		33AE29522DA1F61100419CDF /* Resources */ = {
			isa = PBXResourcesBuildPhase;
			buildActionMask = 2147483647;
			files = (
			);
			runOnlyForDeploymentPostprocessing = 0;
		};
		33AE295C2DA1F61100419CDF /* Resources */ = {
			isa = PBXResourcesBuildPhase;
			buildActionMask = 2147483647;
			files = (
			);
			runOnlyForDeploymentPostprocessing = 0;
		};
/* End PBXResourcesBuildPhase section */

/* Begin PBXSourcesBuildPhase section */
		33AE293B2DA1F60F00419CDF /* Sources */ = {
			isa = PBXSourcesBuildPhase;
			buildActionMask = 2147483647;
			files = (
			);
			runOnlyForDeploymentPostprocessing = 0;
		};
		33AE29502DA1F61100419CDF /* Sources */ = {
			isa = PBXSourcesBuildPhase;
			buildActionMask = 2147483647;
			files = (
			);
			runOnlyForDeploymentPostprocessing = 0;
		};
		33AE295A2DA1F61100419CDF /* Sources */ = {
			isa = PBXSourcesBuildPhase;
			buildActionMask = 2147483647;
			files = (
			);
			runOnlyForDeploymentPostprocessing = 0;
		};
/* End PBXSourcesBuildPhase section */

/* Begin PBXTargetDependency section */
		33AE29562DA1F61100419CDF /* PBXTargetDependency */ = {
			isa = PBXTargetDependency;
			target = 33AE293E2DA1F60F00419CDF /* Hammer + Nail */;
			targetProxy = 33AE29552DA1F61100419CDF /* PBXContainerItemProxy */;
		};
		33AE29602DA1F61100419CDF /* PBXTargetDependency */ = {
			isa = PBXTargetDependency;
			target = 33AE293E2DA1F60F00419CDF /* Hammer + Nail */;
			targetProxy = 33AE295F2DA1F61100419CDF /* PBXContainerItemProxy */;
		};
/* End PBXTargetDependency section */

/* Begin XCBuildConfiguration section */
		33AE29662DA1F61100419CDF /* Debug */ = {
			isa = XCBuildConfiguration;
			buildSettings = {
				ALWAYS_SEARCH_USER_PATHS = NO;
				ASSETCATALOG_COMPILER_GENERATE_SWIFT_ASSET_SYMBOL_EXTENSIONS = YES;
				CLANG_ANALYZER_NONNULL = YES;
				CLANG_ANALYZER_NUMBER_OBJECT_CONVERSION = YES_AGGRESSIVE;
				CLANG_CXX_LANGUAGE_STANDARD = "gnu++20";
				CLANG_ENABLE_MODULES = YES;
				CLANG_ENABLE_OBJC_ARC = YES;
				CLANG_ENABLE_OBJC_WEAK = YES;
				CLANG_WARN_BLOCK_CAPTURE_AUTORELEASING = YES;
				CLANG_WARN_BOOL_CONVERSION = YES;
				CLANG_WARN_COMMA = YES;
				CLANG_WARN_CONSTANT_CONVERSION = YES;
				CLANG_WARN_DEPRECATED_OBJC_IMPLEMENTATIONS = YES;
				CLANG_WARN_DIRECT_OBJC_ISA_USAGE = YES_ERROR;
				CLANG_WARN_DOCUMENTATION_COMMENTS = YES;
				CLANG_WARN_EMPTY_BODY = YES;
				CLANG_WARN_ENUM_CONVERSION = YES;
				CLANG_WARN_INFINITE_RECURSION = YES;
				CLANG_WARN_INT_CONVERSION = YES;
				CLANG_WARN_NON_LITERAL_NULL_CONVERSION = YES;
				CLANG_WARN_OBJC_IMPLICIT_RETAIN_SELF = YES;
				CLANG_WARN_OBJC_LITERAL_CONVERSION = YES;
				CLANG_WARN_OBJC_ROOT_CLASS = YES_ERROR;
				CLANG_WARN_QUOTED_INCLUDE_IN_FRAMEWORK_HEADER = YES;
				CLANG_WARN_RANGE_LOOP_ANALYSIS = YES;
				CLANG_WARN_STRICT_PROTOTYPES = YES;
				CLANG_WARN_SUSPICIOUS_MOVE = YES;
				CLANG_WARN_UNGUARDED_AVAILABILITY = YES_AGGRESSIVE;
				CLANG_WARN_UNREACHABLE_CODE = YES;
				CLANG_WARN__DUPLICATE_METHOD_MATCH = YES;
				COPY_PHASE_STRIP = NO;
				DEBUG_INFORMATION_FORMAT = dwarf;
				ENABLE_STRICT_OBJC_MSGSEND = YES;
				ENABLE_TESTABILITY = YES;
				ENABLE_USER_SCRIPT_SANDBOXING = YES;
				GCC_C_LANGUAGE_STANDARD = gnu17;
				GCC_DYNAMIC_NO_PIC = NO;
				GCC_NO_COMMON_BLOCKS = YES;
				GCC_OPTIMIZATION_LEVEL = 0;
				GCC_PREPROCESSOR_DEFINITIONS = (
					"DEBUG=1",
					"$(inherited)",
				);
				GCC_WARN_64_TO_32_BIT_CONVERSION = YES;
				GCC_WARN_ABOUT_RETURN_TYPE = YES_ERROR;
				GCC_WARN_UNDECLARED_SELECTOR = YES;
				GCC_WARN_UNINITIALIZED_AUTOS = YES_AGGRESSIVE;
				GCC_WARN_UNUSED_FUNCTION = YES;
				GCC_WARN_UNUSED_VARIABLE = YES;
				IPHONEOS_DEPLOYMENT_TARGET = 18.2;
				LOCALIZATION_PREFERS_STRING_CATALOGS = YES;
				MTL_ENABLE_DEBUG_INFO = INCLUDE_SOURCE;
				MTL_FAST_MATH = YES;
				ONLY_ACTIVE_ARCH = YES;
				SDKROOT = iphoneos;
				SWIFT_ACTIVE_COMPILATION_CONDITIONS = "DEBUG $(inherited)";
				SWIFT_OPTIMIZATION_LEVEL = "-Onone";
			};
			name = Debug;
		};
		33AE29672DA1F61100419CDF /* Release */ = {
			isa = XCBuildConfiguration;
			buildSettings = {
				ALWAYS_SEARCH_USER_PATHS = NO;
				ASSETCATALOG_COMPILER_GENERATE_SWIFT_ASSET_SYMBOL_EXTENSIONS = YES;
				CLANG_ANALYZER_NONNULL = YES;
				CLANG_ANALYZER_NUMBER_OBJECT_CONVERSION = YES_AGGRESSIVE;
				CLANG_CXX_LANGUAGE_STANDARD = "gnu++20";
				CLANG_ENABLE_MODULES = YES;
				CLANG_ENABLE_OBJC_ARC = YES;
				CLANG_ENABLE_OBJC_WEAK = YES;
				CLANG_WARN_BLOCK_CAPTURE_AUTORELEASING = YES;
				CLANG_WARN_BOOL_CONVERSION = YES;
				CLANG_WARN_COMMA = YES;
				CLANG_WARN_CONSTANT_CONVERSION = YES;
				CLANG_WARN_DEPRECATED_OBJC_IMPLEMENTATIONS = YES;
				CLANG_WARN_DIRECT_OBJC_ISA_USAGE = YES_ERROR;
				CLANG_WARN_DOCUMENTATION_COMMENTS = YES;
				CLANG_WARN_EMPTY_BODY = YES;
				CLANG_WARN_ENUM_CONVERSION = YES;
				CLANG_WARN_INFINITE_RECURSION = YES;
				CLANG_WARN_INT_CONVERSION = YES;
				CLANG_WARN_NON_LITERAL_NULL_CONVERSION = YES;
				CLANG_WARN_OBJC_IMPLICIT_RETAIN_SELF = YES;
				CLANG_WARN_OBJC_LITERAL_CONVERSION = YES;
				CLANG_WARN_OBJC_ROOT_CLASS = YES_ERROR;
				CLANG_WARN_QUOTED_INCLUDE_IN_FRAMEWORK_HEADER = YES;
				CLANG_WARN_RANGE_LOOP_ANALYSIS = YES;
				CLANG_WARN_STRICT_PROTOTYPES = YES;
				CLANG_WARN_SUSPICIOUS_MOVE = YES;
				CLANG_WARN_UNGUARDED_AVAILABILITY = YES_AGGRESSIVE;
				CLANG_WARN_UNREACHABLE_CODE = YES;
				CLANG_WARN__DUPLICATE_METHOD_MATCH = YES;
				COPY_PHASE_STRIP = NO;
				DEBUG_INFORMATION_FORMAT = "dwarf-with-dsym";
				ENABLE_NS_ASSERTIONS = NO;
				ENABLE_STRICT_OBJC_MSGSEND = YES;
				ENABLE_USER_SCRIPT_SANDBOXING = YES;
				GCC_C_LANGUAGE_STANDARD = gnu17;
				GCC_NO_COMMON_BLOCKS = YES;
				GCC_WARN_64_TO_32_BIT_CONVERSION = YES;
				GCC_WARN_ABOUT_RETURN_TYPE = YES_ERROR;
				GCC_WARN_UNDECLARED_SELECTOR = YES;
				GCC_WARN_UNINITIALIZED_AUTOS = YES_AGGRESSIVE;
				GCC_WARN_UNUSED_FUNCTION = YES;
				GCC_WARN_UNUSED_VARIABLE = YES;
				IPHONEOS_DEPLOYMENT_TARGET = 18.2;
				LOCALIZATION_PREFERS_STRING_CATALOGS = YES;
				MTL_ENABLE_DEBUG_INFO = NO;
				MTL_FAST_MATH = YES;
				SDKROOT = iphoneos;
				SWIFT_COMPILATION_MODE = wholemodule;
				VALIDATE_PRODUCT = YES;
			};
			name = Release;
		};
		33AE29692DA1F61100419CDF /* Debug */ = {
			isa = XCBuildConfiguration;
			buildSettings = {
				ASSETCATALOG_COMPILER_APPICON_NAME = AppIcon;
				ASSETCATALOG_COMPILER_GLOBAL_ACCENT_COLOR_NAME = AccentColor;
				CODE_SIGN_STYLE = Automatic;
				CURRENT_PROJECT_VERSION = 1;
				GENERATE_INFOPLIST_FILE = YES;
				INFOPLIST_KEY_UIApplicationSupportsIndirectInputEvents = YES;
				INFOPLIST_KEY_UILaunchStoryboardName = LaunchScreen;
				INFOPLIST_KEY_UIMainStoryboardFile = Main;
				INFOPLIST_KEY_UIStatusBarHidden = YES;
				INFOPLIST_KEY_UISupportedInterfaceOrientations_iPad = "UIInterfaceOrientationPortrait UIInterfaceOrientationPortraitUpsideDown UIInterfaceOrientationLandscapeLeft UIInterfaceOrientationLandscapeRight";
				INFOPLIST_KEY_UISupportedInterfaceOrientations_iPhone = "UIInterfaceOrientationPortrait UIInterfaceOrientationLandscapeLeft UIInterfaceOrientationLandscapeRight";
				LD_RUNPATH_SEARCH_PATHS = (
					"$(inherited)",
					"@executable_path/Frameworks",
				);
				MARKETING_VERSION = 1.0;
				PRODUCT_BUNDLE_IDENTIFIER = "com.app.Hammer---Nail";
				PRODUCT_NAME = "$(TARGET_NAME)";
				SWIFT_EMIT_LOC_STRINGS = YES;
				SWIFT_VERSION = 5.0;
				TARGETED_DEVICE_FAMILY = "1,2";
			};
			name = Debug;
		};
		33AE296A2DA1F61100419CDF /* Release */ = {
			isa = XCBuildConfiguration;
			buildSettings = {
				ASSETCATALOG_COMPILER_APPICON_NAME = AppIcon;
				ASSETCATALOG_COMPILER_GLOBAL_ACCENT_COLOR_NAME = AccentColor;
				CODE_SIGN_STYLE = Automatic;
				CURRENT_PROJECT_VERSION = 1;
				GENERATE_INFOPLIST_FILE = YES;
				INFOPLIST_KEY_UIApplicationSupportsIndirectInputEvents = YES;
				INFOPLIST_KEY_UILaunchStoryboardName = LaunchScreen;
				INFOPLIST_KEY_UIMainStoryboardFile = Main;
				INFOPLIST_KEY_UIStatusBarHidden = YES;
				INFOPLIST_KEY_UISupportedInterfaceOrientations_iPad = "UIInterfaceOrientationPortrait UIInterfaceOrientationPortraitUpsideDown UIInterfaceOrientationLandscapeLeft UIInterfaceOrientationLandscapeRight";
				INFOPLIST_KEY_UISupportedInterfaceOrientations_iPhone = "UIInterfaceOrientationPortrait UIInterfaceOrientationLandscapeLeft UIInterfaceOrientationLandscapeRight";
				LD_RUNPATH_SEARCH_PATHS = (
					"$(inherited)",
					"@executable_path/Frameworks",
				);
				MARKETING_VERSION = 1.0;
				PRODUCT_BUNDLE_IDENTIFIER = "com.app.Hammer---Nail";
				PRODUCT_NAME = "$(TARGET_NAME)";
				SWIFT_EMIT_LOC_STRINGS = YES;
				SWIFT_VERSION = 5.0;
				TARGETED_DEVICE_FAMILY = "1,2";
			};
			name = Release;
		};
		33AE296C2DA1F61100419CDF /* Debug */ = {
			isa = XCBuildConfiguration;
			buildSettings = {
				BUNDLE_LOADER = "$(TEST_HOST)";
				CODE_SIGN_STYLE = Automatic;
				CURRENT_PROJECT_VERSION = 1;
				GENERATE_INFOPLIST_FILE = YES;
				IPHONEOS_DEPLOYMENT_TARGET = 18.2;
				MARKETING_VERSION = 1.0;
				PRODUCT_BUNDLE_IDENTIFIER = "com.app.Hammer---NailTests";
				PRODUCT_NAME = "$(TARGET_NAME)";
				SWIFT_EMIT_LOC_STRINGS = NO;
				SWIFT_VERSION = 5.0;
				TARGETED_DEVICE_FAMILY = "1,2";
				TEST_HOST = "$(BUILT_PRODUCTS_DIR)/Hammer + Nail.app/$(BUNDLE_EXECUTABLE_FOLDER_PATH)/Hammer + Nail";
			};
			name = Debug;
		};
		33AE296D2DA1F61100419CDF /* Release */ = {
			isa = XCBuildConfiguration;
			buildSettings = {
				BUNDLE_LOADER = "$(TEST_HOST)";
				CODE_SIGN_STYLE = Automatic;
				CURRENT_PROJECT_VERSION = 1;
				GENERATE_INFOPLIST_FILE = YES;
				IPHONEOS_DEPLOYMENT_TARGET = 18.2;
				MARKETING_VERSION = 1.0;
				PRODUCT_BUNDLE_IDENTIFIER = "com.app.Hammer---NailTests";
				PRODUCT_NAME = "$(TARGET_NAME)";
				SWIFT_EMIT_LOC_STRINGS = NO;
				SWIFT_VERSION = 5.0;
				TARGETED_DEVICE_FAMILY = "1,2";
				TEST_HOST = "$(BUILT_PRODUCTS_DIR)/Hammer + Nail.app/$(BUNDLE_EXECUTABLE_FOLDER_PATH)/Hammer + Nail";
			};
			name = Release;
		};
		33AE296F2DA1F61100419CDF /* Debug */ = {
			isa = XCBuildConfiguration;
			buildSettings = {
				CODE_SIGN_STYLE = Automatic;
				CURRENT_PROJECT_VERSION = 1;
				GENERATE_INFOPLIST_FILE = YES;
				MARKETING_VERSION = 1.0;
				PRODUCT_BUNDLE_IDENTIFIER = "com.app.Hammer---NailUITests";
				PRODUCT_NAME = "$(TARGET_NAME)";
				SWIFT_EMIT_LOC_STRINGS = NO;
				SWIFT_VERSION = 5.0;
				TARGETED_DEVICE_FAMILY = "1,2";
				TEST_TARGET_NAME = "Hammer + Nail";
			};
			name = Debug;
		};
		33AE29702DA1F61100419CDF /* Release */ = {
			isa = XCBuildConfiguration;
			buildSettings = {
				CODE_SIGN_STYLE = Automatic;
				CURRENT_PROJECT_VERSION = 1;
				GENERATE_INFOPLIST_FILE = YES;
				MARKETING_VERSION = 1.0;
				PRODUCT_BUNDLE_IDENTIFIER = "com.app.Hammer---NailUITests";
				PRODUCT_NAME = "$(TARGET_NAME)";
				SWIFT_EMIT_LOC_STRINGS = NO;
				SWIFT_VERSION = 5.0;
				TARGETED_DEVICE_FAMILY = "1,2";
				TEST_TARGET_NAME = "Hammer + Nail";
			};
			name = Release;
		};
/* End XCBuildConfiguration section */

/* Begin XCConfigurationList section */
		33AE293A2DA1F60F00419CDF /* Build configuration list for PBXProject "Hammer + Nail" */ = {
			isa = XCConfigurationList;
			buildConfigurations = (
				33AE29662DA1F61100419CDF /* Debug */,
				33AE29672DA1F61100419CDF /* Release */,
			);
			defaultConfigurationIsVisible = 0;
			defaultConfigurationName = Release;
		};
		33AE29682DA1F61100419CDF /* Build configuration list for PBXNativeTarget "Hammer + Nail" */ = {
			isa = XCConfigurationList;
			buildConfigurations = (
				33AE29692DA1F61100419CDF /* Debug */,
				33AE296A2DA1F61100419CDF /* Release */,
			);
			defaultConfigurationIsVisible = 0;
			defaultConfigurationName = Release;
		};
		33AE296B2DA1F61100419CDF /* Build configuration list for PBXNativeTarget "Hammer + NailTests" */ = {
			isa = XCConfigurationList;
			buildConfigurations = (
				33AE296C2DA1F61100419CDF /* Debug */,
				33AE296D2DA1F61100419CDF /* Release */,
			);
			defaultConfigurationIsVisible = 0;
			defaultConfigurationName = Release;
		};
		33AE296E2DA1F61100419CDF /* Build configuration list for PBXNativeTarget "Hammer + NailUITests" */ = {
			isa = XCConfigurationList;
			buildConfigurations = (
				33AE296F2DA1F61100419CDF /* Debug */,
				33AE29702DA1F61100419CDF /* Release */,
			);
			defaultConfigurationIsVisible = 0;
			defaultConfigurationName = Release;
		};
/* End XCConfigurationList section */
	};
	rootObject = 33AE29372DA1F60F00419CDF /* Project object */;
}
